
Microsoft Visual Studio Solution File, Format Version 12.00
# Visual Studio Version 16
VisualStudioVersion = 16.0.30517.126
MinimumVisualStudioVersion = 10.0.40219.1
Project("{FAE04EC0-301F-11D3-BF4B-00C04F79EFBC}") = "ClientProxy-P4-NIM", "ClientProxy-P4-NIM.csproj", "{01B53D4C-E235-42B4-982B-BD5B47CE959F}"
EndProject
Global
	GlobalSection(SolutionConfigurationPlatforms) = preSolution
		Debug|Any CPU = Debug|Any CPU
		Release|Any CPU = Release|Any CPU
	EndGlobalSection
	GlobalSection(ProjectConfigurationPlatforms) = postSolution
		{01B53D4C-E235-42B4-982B-BD5B47CE959F}.Debug|Any CPU.ActiveCfg = Debug|Any CPU
		{01B53D4C-E235-42B4-982B-BD5B47CE959F}.Debug|Any CPU.Build.0 = Debug|Any CPU
		{01B53D4C-E235-42B4-982B-BD5B47CE959F}.Release|Any CPU.ActiveCfg = Release|Any CPU
		{01B53D4C-E235-42B4-982B-BD5B47CE959F}.Release|Any CPU.Build.0 = Release|Any CPU
	EndGlobalSection
	GlobalSection(SolutionProperties) = preSolution
		HideSolutionNode = FALSE
	EndGlobalSection
	GlobalSection(ExtensibilityGlobals) = postSolution
		SolutionGuid = {8154727C-5303-4CA4-8E17-C8EBBC8D9D21}
	EndGlobalSection
EndGlobal
